
Microsoft Visual Studio Solution File, Format Version 12.00
# Visual Studio Version 17
VisualStudioVersion = 17.11.35222.181
MinimumVisualStudioVersion = 10.0.40219.1
Project("{FAE04EC0-301F-11D3-BF4B-00C04F79EFBC}") = "BasicOperations", "BasicOperations\BasicOperations.csproj", "{0D81BAEF-762C-4DB0-9690-587421D6FC90}"
EndProject
Global
	GlobalSection(SolutionConfigurationPlatforms) = preSolution
		Debug|Any CPU = Debug|Any CPU
		Release|Any CPU = Release|Any CPU
	EndGlobalSection
	GlobalSection(ProjectConfigurationPlatforms) = postSolution
		{0D81BAEF-762C-4DB0-9690-587421D6FC90}.Debug|Any CPU.ActiveCfg = Debug|Any CPU
		{0D81BAEF-762C-4DB0-9690-587421D6FC90}.Debug|Any CPU.Build.0 = Debug|Any CPU
		{0D81BAEF-762C-4DB0-9690-587421D6FC90}.Release|Any CPU.ActiveCfg = Release|Any CPU
		{0D81BAEF-762C-4DB0-9690-587421D6FC90}.Release|Any CPU.Build.0 = Release|Any CPU
	EndGlobalSection
	GlobalSection(SolutionProperties) = preSolution
		HideSolutionNode = FALSE
	EndGlobalSection
	GlobalSection(ExtensibilityGlobals) = postSolution
		SolutionGuid = {CF133B72-F8DB-48D5-9D7F-76DA1A8D2CF6}
	EndGlobalSection
EndGlobal
