
Microsoft Visual Studio Solution File, Format Version 12.00
# Visual Studio Version 17
VisualStudioVersion = 17.11.35327.3
MinimumVisualStudioVersion = 10.0.40219.1
Project("{FAE04EC0-301F-11D3-BF4B-00C04F79EFBC}") = "elevator-sys", "elevator-sys\elevator-sys.csproj", "{83E9789C-50B8-4206-8C2B-5EA96B4DFA5C}"
EndProject
Global
	GlobalSection(SolutionConfigurationPlatforms) = preSolution
		Debug|Any CPU = Debug|Any CPU
		Release|Any CPU = Release|Any CPU
	EndGlobalSection
	GlobalSection(ProjectConfigurationPlatforms) = postSolution
		{83E9789C-50B8-4206-8C2B-5EA96B4DFA5C}.Debug|Any CPU.ActiveCfg = Debug|Any CPU
		{83E9789C-50B8-4206-8C2B-5EA96B4DFA5C}.Debug|Any CPU.Build.0 = Debug|Any CPU
		{83E9789C-50B8-4206-8C2B-5EA96B4DFA5C}.Release|Any CPU.ActiveCfg = Release|Any CPU
		{83E9789C-50B8-4206-8C2B-5EA96B4DFA5C}.Release|Any CPU.Build.0 = Release|Any CPU
	EndGlobalSection
	GlobalSection(SolutionProperties) = preSolution
		HideSolutionNode = FALSE
	EndGlobalSection
	GlobalSection(ExtensibilityGlobals) = postSolution
		SolutionGuid = {7EB9225B-A909-4334-AECE-C9F42F77FCED}
	EndGlobalSection
EndGlobal
