
Microsoft Visual Studio Solution File, Format Version 12.00
# Visual Studio Version 17
VisualStudioVersion = 17.11.35222.181
MinimumVisualStudioVersion = 10.0.40219.1
Project("{FAE04EC0-301F-11D3-BF4B-00C04F79EFBC}") = "Assignment-1", "Assignment-1\Assignment-1.csproj", "{A3933291-08B3-44BE-A2DA-B38CC15F37F1}"
EndProject
Global
	GlobalSection(SolutionConfigurationPlatforms) = preSolution
		Debug|Any CPU = Debug|Any CPU
		Release|Any CPU = Release|Any CPU
	EndGlobalSection
	GlobalSection(ProjectConfigurationPlatforms) = postSolution
		{A3933291-08B3-44BE-A2DA-B38CC15F37F1}.Debug|Any CPU.ActiveCfg = Debug|Any CPU
		{A3933291-08B3-44BE-A2DA-B38CC15F37F1}.Debug|Any CPU.Build.0 = Debug|Any CPU
		{A3933291-08B3-44BE-A2DA-B38CC15F37F1}.Release|Any CPU.ActiveCfg = Release|Any CPU
		{A3933291-08B3-44BE-A2DA-B38CC15F37F1}.Release|Any CPU.Build.0 = Release|Any CPU
	EndGlobalSection
	GlobalSection(SolutionProperties) = preSolution
		HideSolutionNode = FALSE
	EndGlobalSection
	GlobalSection(ExtensibilityGlobals) = postSolution
		SolutionGuid = {5AD1D222-05C1-465B-80F3-FF683E5A8451}
	EndGlobalSection
EndGlobal
