
Microsoft Visual Studio Solution File, Format Version 12.00
# Visual Studio Version 17
VisualStudioVersion = 17.11.35222.181
MinimumVisualStudioVersion = 10.0.40219.1
Project("{FAE04EC0-301F-11D3-BF4B-00C04F79EFBC}") = "WpfApp1", "WpfApp1\WpfApp1.csproj", "{FA64F870-629A-4CD3-A34C-F402CEC879B5}"
EndProject
Global
	GlobalSection(SolutionConfigurationPlatforms) = preSolution
		Debug|Any CPU = Debug|Any CPU
		Release|Any CPU = Release|Any CPU
	EndGlobalSection
	GlobalSection(ProjectConfigurationPlatforms) = postSolution
		{FA64F870-629A-4CD3-A34C-F402CEC879B5}.Debug|Any CPU.ActiveCfg = Debug|Any CPU
		{FA64F870-629A-4CD3-A34C-F402CEC879B5}.Debug|Any CPU.Build.0 = Debug|Any CPU
		{FA64F870-629A-4CD3-A34C-F402CEC879B5}.Release|Any CPU.ActiveCfg = Release|Any CPU
		{FA64F870-629A-4CD3-A34C-F402CEC879B5}.Release|Any CPU.Build.0 = Release|Any CPU
	EndGlobalSection
	GlobalSection(SolutionProperties) = preSolution
		HideSolutionNode = FALSE
	EndGlobalSection
	GlobalSection(ExtensibilityGlobals) = postSolution
		SolutionGuid = {48CCDB96-D465-478B-BD19-16646E1E0475}
	EndGlobalSection
EndGlobal
