
Microsoft Visual Studio Solution File, Format Version 12.00
# Visual Studio Version 17
VisualStudioVersion = 17.11.35327.3
MinimumVisualStudioVersion = 10.0.40219.1
Project("{FAE04EC0-301F-11D3-BF4B-00C04F79EFBC}") = "ElevatorSystem", "ElevatorSystem\ElevatorSystem.csproj", "{C32B63E3-1A42-4F3C-9D3D-407907ACECE3}"
EndProject
Global
	GlobalSection(SolutionConfigurationPlatforms) = preSolution
		Debug|Any CPU = Debug|Any CPU
		Release|Any CPU = Release|Any CPU
	EndGlobalSection
	GlobalSection(ProjectConfigurationPlatforms) = postSolution
		{C32B63E3-1A42-4F3C-9D3D-407907ACECE3}.Debug|Any CPU.ActiveCfg = Debug|Any CPU
		{C32B63E3-1A42-4F3C-9D3D-407907ACECE3}.Debug|Any CPU.Build.0 = Debug|Any CPU
		{C32B63E3-1A42-4F3C-9D3D-407907ACECE3}.Release|Any CPU.ActiveCfg = Release|Any CPU
		{C32B63E3-1A42-4F3C-9D3D-407907ACECE3}.Release|Any CPU.Build.0 = Release|Any CPU
	EndGlobalSection
	GlobalSection(SolutionProperties) = preSolution
		HideSolutionNode = FALSE
	EndGlobalSection
	GlobalSection(ExtensibilityGlobals) = postSolution
		SolutionGuid = {7DA7CD80-2786-4F1A-8C7A-980F48E47618}
	EndGlobalSection
EndGlobal
